<?xml version="1.0" encoding="utf-8"?>
<Project ToolsVersion="4.0" xmlns="http://schemas.microsoft.com/developer/msbuild/2003">
  <ItemGroup>
    <Filter Include="源文件">
      <UniqueIdentifier>{4FC737F1-C7A5-4376-A066-2A32D752A2FF}</UniqueIdentifier>
      <Extensions>cpp;c;cc;cxx;c++;cppm;ixx;def;odl;idl;hpj;bat;asm;asmx</Extensions>
    </Filter>
    <Filter Include="头文件">
      <UniqueIdentifier>{93995380-89BD-4b04-88EB-625FBE52EBFB}</UniqueIdentifier>
      <Extensions>h;hh;hpp;hxx;h++;hm;inl;inc;ipp;xsd</Extensions>
    </Filter>
    <Filter Include="资源文件">
      <UniqueIdentifier>{67DA6AB6-F800-4c08-8B7A-83BB121AAD01}</UniqueIdentifier>
      <Extensions>rc;ico;cur;bmp;dlg;rc2;rct;bin;rgs;gif;jpg;jpeg;jpe;resx;tiff;tif;png;wav;mfcribbon-ms</Extensions>
    </Filter>
    <Filter Include="头文件\Camera">
      <UniqueIdentifier>{d85c0638-901d-4d6d-87e1-bfa7944c714e}</UniqueIdentifier>
    </Filter>
    <Filter Include="头文件\Object">
      <UniqueIdentifier>{7cdf9d8b-b144-4cf1-b443-564659206314}</UniqueIdentifier>
    </Filter>
    <Filter Include="源文件\Camera">
      <UniqueIdentifier>{3d2b31cb-3a28-416b-8f44-10fde5975b68}</UniqueIdentifier>
    </Filter>
    <Filter Include="源文件\Object">
      <UniqueIdentifier>{97b09e4e-dc03-49ad-b7a7-36fac0c2a226}</UniqueIdentifier>
    </Filter>
    <Filter Include="源文件\Math">
      <UniqueIdentifier>{b85435ec-6096-4c7b-aeb5-404bcf0b7fdc}</UniqueIdentifier>
    </Filter>
    <Filter Include="头文件\Material">
      <UniqueIdentifier>{1b4c54fb-86e1-4d2c-aba6-658aa18e2c9a}</UniqueIdentifier>
    </Filter>
    <Filter Include="源文件\Material">
      <UniqueIdentifier>{cbb16c71-19a4-4ef1-8133-af30e45d8ec2}</UniqueIdentifier>
    </Filter>
    <Filter Include="头文件\Math">
      <UniqueIdentifier>{a36e8c88-1a78-4708-b146-d47aa1b36f91}</UniqueIdentifier>
    </Filter>
    <Filter Include="头文件\Texture">
      <UniqueIdentifier>{5cb20523-9d3c-4565-993b-b9068c2fbb07}</UniqueIdentifier>
    </Filter>
    <Filter Include="源文件\Texture">
      <UniqueIdentifier>{844ba9c7-89ba-4b10-bb94-d3fd5dfb981f}</UniqueIdentifier>
    </Filter>
    <Filter Include="头文件\3rdpatry">
      <UniqueIdentifier>{29e93911-4b84-4934-8a4b-d9a62c5cd482}</UniqueIdentifier>
    </Filter>
    <Filter Include="头文件\Object\Transform">
      <UniqueIdentifier>{84050c4c-e8c7-4cde-bb2a-1ca3d2042e6c}</UniqueIdentifier>
    </Filter>
    <Filter Include="源文件\Object\Transform">
      <UniqueIdentifier>{a2281fec-5e0f-42d2-9c8e-b359efc37e81}</UniqueIdentifier>
    </Filter>
  </ItemGroup>
  <ItemGroup>
    <ClCompile Include="main.cpp">
      <Filter>源文件</Filter>
    </ClCompile>
    <ClCompile Include="Camera\Camera.cpp">
      <Filter>源文件\Camera</Filter>
    </ClCompile>
    <ClCompile Include="Material\Dielectric.cpp">
      <Filter>源文件\Material</Filter>
    </ClCompile>
    <ClCompile Include="Material\Lambertian.cpp">
      <Filter>源文件\Material</Filter>
    </ClCompile>
    <ClCompile Include="Material\Metal.cpp">
      <Filter>源文件\Material</Filter>
    </ClCompile>
    <ClCompile Include="Math\Vec3.cpp">
      <Filter>源文件\Math</Filter>
    </ClCompile>
    <ClCompile Include="Object\ObjectWorld.cpp">
      <Filter>源文件\Object</Filter>
    </ClCompile>
    <ClCompile Include="Object\Sphere.cpp">
      <Filter>源文件\Object</Filter>
    </ClCompile>
    <ClCompile Include="Object\SphereMoving.cpp">
      <Filter>源文件\Object</Filter>
    </ClCompile>
    <ClCompile Include="Object\AABB.cpp">
      <Filter>源文件\Object</Filter>
    </ClCompile>
    <ClCompile Include="Object\BVHnode.cpp">
      <Filter>源文件\Object</Filter>
    </ClCompile>
    <ClCompile Include="Texture\TextureConstant.cpp">
      <Filter>源文件\Texture</Filter>
    </ClCompile>
    <ClCompile Include="Texture\TextureChecker.cpp">
      <Filter>源文件\Texture</Filter>
    </ClCompile>
    <ClCompile Include="Math\Perlin.cpp">
      <Filter>源文件\Math</Filter>
    </ClCompile>
    <ClCompile Include="Texture\TextureNoise.cpp">
      <Filter>源文件\Texture</Filter>
    </ClCompile>
    <ClCompile Include="Texture\TextureImage.cpp">
      <Filter>源文件\Texture</Filter>
    </ClCompile>
    <ClCompile Include="Material\Emit.cpp">
      <Filter>源文件\Material</Filter>
    </ClCompile>
    <ClCompile Include="Object\RectXY.cpp">
      <Filter>源文件\Object</Filter>
    </ClCompile>
    <ClCompile Include="Object\RectXZ.cpp">
      <Filter>源文件\Object</Filter>
    </ClCompile>
    <ClCompile Include="Object\RectYZ.cpp">
      <Filter>源文件\Object</Filter>
    </ClCompile>
    <ClCompile Include="Object\Box.cpp">
      <Filter>源文件\Object</Filter>
    </ClCompile>
    <ClCompile Include="Object\Transform\FlipNormal.cpp">
      <Filter>源文件\Object\Transform</Filter>
    </ClCompile>
    <ClCompile Include="Object\Transform\Translate.cpp">
      <Filter>源文件\Object\Transform</Filter>
    </ClCompile>
    <ClCompile Include="Object\Transform\RotateY.cpp">
      <Filter>源文件\Object\Transform</Filter>
    </ClCompile>
  </ItemGroup>
  <ItemGroup>
    <ClInclude Include="Camera\Camera.h">
      <Filter>头文件\Camera</Filter>
    </ClInclude>
    <ClInclude Include="Material\Dielectric.h">
      <Filter>头文件\Material</Filter>
    </ClInclude>
    <ClInclude Include="Material\Lambertian.h">
      <Filter>头文件\Material</Filter>
    </ClInclude>
    <ClInclude Include="Material\Material.h">
      <Filter>头文件\Material</Filter>
    </ClInclude>
    <ClInclude Include="Material\Metal.h">
      <Filter>头文件\Material</Filter>
    </ClInclude>
    <ClInclude Include="Math\Ray.h">
      <Filter>头文件\Math</Filter>
    </ClInclude>
    <ClInclude Include="Math\Vec3.h">
      <Filter>头文件\Math</Filter>
    </ClInclude>
    <ClInclude Include="Object\Object.h">
      <Filter>头文件\Object</Filter>
    </ClInclude>
    <ClInclude Include="Object\ObjectWorld.h">
      <Filter>头文件\Object</Filter>
    </ClInclude>
    <ClInclude Include="Object\Sphere.h">
      <Filter>头文件\Object</Filter>
    </ClInclude>
    <ClInclude Include="config.h">
      <Filter>头文件</Filter>
    </ClInclude>
    <ClInclude Include="Object\SphereMoving.h">
      <Filter>头文件\Object</Filter>
    </ClInclude>
    <ClInclude Include="Object\AABB.h">
      <Filter>头文件\Object</Filter>
    </ClInclude>
    <ClInclude Include="Object\BVHnode.h">
      <Filter>头文件\Object</Filter>
    </ClInclude>
    <ClInclude Include="Texture\Texture.h">
      <Filter>头文件\Texture</Filter>
    </ClInclude>
    <ClInclude Include="Texture\TextureConstant.h">
      <Filter>头文件\Texture</Filter>
    </ClInclude>
    <ClInclude Include="Texture\TextureChecker.h">
      <Filter>头文件\Texture</Filter>
    </ClInclude>
    <ClInclude Include="Math\Random.h">
      <Filter>头文件\Math</Filter>
    </ClInclude>
    <ClInclude Include="Math\Perlin.h">
      <Filter>头文件\Math</Filter>
    </ClInclude>
    <ClInclude Include="Texture\TextureNoise.h">
      <Filter>头文件\Texture</Filter>
    </ClInclude>
    <ClInclude Include="3rdpatry\stb_image.h">
      <Filter>头文件\3rdpatry</Filter>
    </ClInclude>
    <ClInclude Include="Material\Emit.h">
      <Filter>头文件\Material</Filter>
    </ClInclude>
    <ClInclude Include="Object\RectXY.h">
      <Filter>头文件\Object</Filter>
    </ClInclude>
    <ClInclude Include="Texture\TextureImage.h">
      <Filter>头文件\Texture</Filter>
    </ClInclude>
    <ClInclude Include="Object\RectXZ.h">
      <Filter>头文件\Object</Filter>
    </ClInclude>
    <ClInclude Include="Object\RectYZ.h">
      <Filter>头文件\Object</Filter>
    </ClInclude>
    <ClInclude Include="main.h">
      <Filter>头文件</Filter>
    </ClInclude>
    <ClInclude Include="Object\Box.h">
      <Filter>头文件\Object</Filter>
    </ClInclude>
    <ClInclude Include="Object\Transform\FlipNormal.h">
      <Filter>头文件\Object\Transform</Filter>
    </ClInclude>
    <ClInclude Include="Object\Transform\Translate.h">
      <Filter>头文件\Object\Transform</Filter>
    </ClInclude>
    <ClInclude Include="Object\Transform\RotateY.h">
      <Filter>头文件\Object\Transform</Filter>
    </ClInclude>
  </ItemGroup>
  <ItemGroup>
    <Image Include="resource\earthmap.jpg">
      <Filter>资源文件</Filter>
    </Image>
  </ItemGroup>
</Project>