
Microsoft Visual Studio Solution File, Format Version 12.00
# Visual Studio Version 17
VisualStudioVersion = 17.7.34024.191
MinimumVisualStudioVersion = 10.0.40219.1
Project("{8BC9CEB8-8B4A-11D0-8D11-00A0C91BC942}") = "RayTracingInOneWeekend", "RayTracingInOneWeekend\RayTracingInOneWeekend.vcxproj", "{E1B354D1-9F4A-425D-9B90-5E72FF3C87F4}"
EndProject
Global
	GlobalSection(SolutionConfigurationPlatforms) = preSolution
		Debug|x64 = Debug|x64
		Debug|x86 = Debug|x86
		Release|x64 = Release|x64
		Release|x86 = Release|x86
	EndGlobalSection
	GlobalSection(ProjectConfigurationPlatforms) = postSolution
		{E1B354D1-9F4A-425D-9B90-5E72FF3C87F4}.Debug|x64.ActiveCfg = Debug|x64
		{E1B354D1-9F4A-425D-9B90-5E72FF3C87F4}.Debug|x64.Build.0 = Debug|x64
		{E1B354D1-9F4A-425D-9B90-5E72FF3C87F4}.Debug|x86.ActiveCfg = Debug|Win32
		{E1B354D1-9F4A-425D-9B90-5E72FF3C87F4}.Debug|x86.Build.0 = Debug|Win32
		{E1B354D1-9F4A-425D-9B90-5E72FF3C87F4}.Release|x64.ActiveCfg = Release|x64
		{E1B354D1-9F4A-425D-9B90-5E72FF3C87F4}.Release|x64.Build.0 = Release|x64
		{E1B354D1-9F4A-425D-9B90-5E72FF3C87F4}.Release|x86.ActiveCfg = Release|Win32
		{E1B354D1-9F4A-425D-9B90-5E72FF3C87F4}.Release|x86.Build.0 = Release|Win32
	EndGlobalSection
	GlobalSection(SolutionProperties) = preSolution
		HideSolutionNode = FALSE
	EndGlobalSection
	GlobalSection(ExtensibilityGlobals) = postSolution
		SolutionGuid = {75A09C60-3BFF-4A23-993A-505A4FE89CF6}
	EndGlobalSection
EndGlobal
