<?xml version="1.0" encoding="utf-8"?>
<Project ToolsVersion="4.0" xmlns="http://schemas.microsoft.com/developer/msbuild/2003">
  <ItemGroup>
    <Filter Include="源文件">
      <UniqueIdentifier>{4FC737F1-C7A5-4376-A066-2A32D752A2FF}</UniqueIdentifier>
      <Extensions>cpp;c;cc;cxx;c++;cppm;ixx;def;odl;idl;hpj;bat;asm;asmx</Extensions>
    </Filter>
    <Filter Include="头文件">
      <UniqueIdentifier>{93995380-89BD-4b04-88EB-625FBE52EBFB}</UniqueIdentifier>
      <Extensions>h;hh;hpp;hxx;h++;hm;inl;inc;ipp;xsd</Extensions>
    </Filter>
    <Filter Include="资源文件">
      <UniqueIdentifier>{67DA6AB6-F800-4c08-8B7A-83BB121AAD01}</UniqueIdentifier>
      <Extensions>rc;ico;cur;bmp;dlg;rc2;rct;bin;rgs;gif;jpg;jpeg;jpe;resx;tiff;tif;png;wav;mfcribbon-ms</Extensions>
    </Filter>
    <Filter Include="头文件\Camera">
      <UniqueIdentifier>{5ce7f427-2295-4dac-a09d-33b81d9b3599}</UniqueIdentifier>
    </Filter>
    <Filter Include="源文件\Camera">
      <UniqueIdentifier>{c7b43075-5967-4af2-a1b8-0c0782f1b098}</UniqueIdentifier>
    </Filter>
    <Filter Include="头文件\Material">
      <UniqueIdentifier>{b6fc4b16-93a0-473b-9af9-f04db407451d}</UniqueIdentifier>
    </Filter>
    <Filter Include="源文件\Material">
      <UniqueIdentifier>{1ba4bdb9-8edd-4fa4-800d-f5191356d214}</UniqueIdentifier>
    </Filter>
    <Filter Include="头文件\Math">
      <UniqueIdentifier>{58e7b9b4-5a8e-485b-add9-a591a05c312f}</UniqueIdentifier>
    </Filter>
    <Filter Include="源文件\Math">
      <UniqueIdentifier>{82b515d7-4619-42fb-92b6-7bb909c4ba23}</UniqueIdentifier>
    </Filter>
    <Filter Include="头文件\Object">
      <UniqueIdentifier>{5e0d521f-7ac5-46f9-836f-9139e829ab82}</UniqueIdentifier>
    </Filter>
    <Filter Include="源文件\Object">
      <UniqueIdentifier>{5c5a2c59-8414-4773-bcfb-6fa1f3461927}</UniqueIdentifier>
    </Filter>
    <Filter Include="头文件\Texture">
      <UniqueIdentifier>{f6616035-ba87-45e5-b49b-6837ae71056b}</UniqueIdentifier>
    </Filter>
    <Filter Include="源文件\Texture">
      <UniqueIdentifier>{471a0a9f-9d12-476c-b30c-c443f66d2422}</UniqueIdentifier>
    </Filter>
    <Filter Include="头文件\Utils">
      <UniqueIdentifier>{f3f195a0-bf9b-477e-bf7d-d7cfb9472eef}</UniqueIdentifier>
    </Filter>
    <Filter Include="头文件\Object\Transform">
      <UniqueIdentifier>{16626901-245a-41b2-b6c4-9972ac9cadc1}</UniqueIdentifier>
    </Filter>
    <Filter Include="源文件\Object\Transform">
      <UniqueIdentifier>{fe660679-bba2-4466-a38b-50eff4cec774}</UniqueIdentifier>
    </Filter>
    <Filter Include="头文件\3rdpatry">
      <UniqueIdentifier>{d3fb9d57-1649-42f8-9a84-edb1aebf702a}</UniqueIdentifier>
    </Filter>
  </ItemGroup>
  <ItemGroup>
    <ClInclude Include="config.h">
      <Filter>头文件</Filter>
    </ClInclude>
    <ClInclude Include="main.h">
      <Filter>头文件</Filter>
    </ClInclude>
    <ClInclude Include="Camera\Camera.h">
      <Filter>头文件\Camera</Filter>
    </ClInclude>
    <ClInclude Include="Material\Dielectric.h">
      <Filter>头文件\Material</Filter>
    </ClInclude>
    <ClInclude Include="Material\Emit.h">
      <Filter>头文件\Material</Filter>
    </ClInclude>
    <ClInclude Include="Material\Isotropic.h">
      <Filter>头文件\Material</Filter>
    </ClInclude>
    <ClInclude Include="Material\Lambertian.h">
      <Filter>头文件\Material</Filter>
    </ClInclude>
    <ClInclude Include="Material\Material.h">
      <Filter>头文件\Material</Filter>
    </ClInclude>
    <ClInclude Include="Material\Metal.h">
      <Filter>头文件\Material</Filter>
    </ClInclude>
    <ClInclude Include="Math\Perlin.h">
      <Filter>头文件\Math</Filter>
    </ClInclude>
    <ClInclude Include="Math\Random.h">
      <Filter>头文件\Math</Filter>
    </ClInclude>
    <ClInclude Include="Math\Ray.h">
      <Filter>头文件\Math</Filter>
    </ClInclude>
    <ClInclude Include="Math\Vec3.h">
      <Filter>头文件\Math</Filter>
    </ClInclude>
    <ClInclude Include="Object\AABB.h">
      <Filter>头文件\Object</Filter>
    </ClInclude>
    <ClInclude Include="Object\Box.h">
      <Filter>头文件\Object</Filter>
    </ClInclude>
    <ClInclude Include="Object\BVHnode.h">
      <Filter>头文件\Object</Filter>
    </ClInclude>
    <ClInclude Include="Object\Object.h">
      <Filter>头文件\Object</Filter>
    </ClInclude>
    <ClInclude Include="Object\ObjectWorld.h">
      <Filter>头文件\Object</Filter>
    </ClInclude>
    <ClInclude Include="Object\RectXY.h">
      <Filter>头文件\Object</Filter>
    </ClInclude>
    <ClInclude Include="Object\RectXZ.h">
      <Filter>头文件\Object</Filter>
    </ClInclude>
    <ClInclude Include="Object\RectYZ.h">
      <Filter>头文件\Object</Filter>
    </ClInclude>
    <ClInclude Include="Object\Sphere.h">
      <Filter>头文件\Object</Filter>
    </ClInclude>
    <ClInclude Include="Object\SphereMoving.h">
      <Filter>头文件\Object</Filter>
    </ClInclude>
    <ClInclude Include="Object\Transform\ConstantMedium.h">
      <Filter>头文件\Object\Transform</Filter>
    </ClInclude>
    <ClInclude Include="Object\Transform\FlipNormal.h">
      <Filter>头文件\Object\Transform</Filter>
    </ClInclude>
    <ClInclude Include="Object\Transform\RotateY.h">
      <Filter>头文件\Object\Transform</Filter>
    </ClInclude>
    <ClInclude Include="Object\Transform\Translate.h">
      <Filter>头文件\Object\Transform</Filter>
    </ClInclude>
    <ClInclude Include="Texture\Texture.h">
      <Filter>头文件\Texture</Filter>
    </ClInclude>
    <ClInclude Include="Texture\TextureChecker.h">
      <Filter>头文件\Texture</Filter>
    </ClInclude>
    <ClInclude Include="Texture\TextureConstant.h">
      <Filter>头文件\Texture</Filter>
    </ClInclude>
    <ClInclude Include="Texture\TextureImage.h">
      <Filter>头文件\Texture</Filter>
    </ClInclude>
    <ClInclude Include="Texture\TextureNoise.h">
      <Filter>头文件\Texture</Filter>
    </ClInclude>
    <ClInclude Include="Utils\Utils.h">
      <Filter>头文件\Utils</Filter>
    </ClInclude>
    <ClInclude Include="3rdpatry\stb_image.h">
      <Filter>头文件\3rdpatry</Filter>
    </ClInclude>
    <ClInclude Include="Math\ONB.h">
      <Filter>头文件\Math</Filter>
    </ClInclude>
  </ItemGroup>
  <ItemGroup>
    <ClCompile Include="main.cpp">
      <Filter>源文件</Filter>
    </ClCompile>
    <ClCompile Include="Camera\Camera.cpp">
      <Filter>源文件\Camera</Filter>
    </ClCompile>
    <ClCompile Include="Material\Dielectric.cpp">
      <Filter>源文件\Material</Filter>
    </ClCompile>
    <ClCompile Include="Material\Emit.cpp">
      <Filter>源文件\Material</Filter>
    </ClCompile>
    <ClCompile Include="Material\Isotropic.cpp">
      <Filter>源文件\Material</Filter>
    </ClCompile>
    <ClCompile Include="Material\Lambertian.cpp">
      <Filter>源文件\Material</Filter>
    </ClCompile>
    <ClCompile Include="Material\Metal.cpp">
      <Filter>源文件\Material</Filter>
    </ClCompile>
    <ClCompile Include="Math\Perlin.cpp">
      <Filter>源文件\Math</Filter>
    </ClCompile>
    <ClCompile Include="Math\Vec3.cpp">
      <Filter>源文件\Math</Filter>
    </ClCompile>
    <ClCompile Include="Object\AABB.cpp">
      <Filter>源文件\Object</Filter>
    </ClCompile>
    <ClCompile Include="Object\Box.cpp">
      <Filter>源文件\Object</Filter>
    </ClCompile>
    <ClCompile Include="Object\BVHnode.cpp">
      <Filter>源文件\Object</Filter>
    </ClCompile>
    <ClCompile Include="Object\ObjectWorld.cpp">
      <Filter>源文件\Object</Filter>
    </ClCompile>
    <ClCompile Include="Object\RectXY.cpp">
      <Filter>源文件\Object</Filter>
    </ClCompile>
    <ClCompile Include="Object\RectXZ.cpp">
      <Filter>源文件\Object</Filter>
    </ClCompile>
    <ClCompile Include="Object\RectYZ.cpp">
      <Filter>源文件\Object</Filter>
    </ClCompile>
    <ClCompile Include="Object\Sphere.cpp">
      <Filter>源文件\Object</Filter>
    </ClCompile>
    <ClCompile Include="Object\SphereMoving.cpp">
      <Filter>源文件\Object</Filter>
    </ClCompile>
    <ClCompile Include="Object\Transform\ConstantMedium.cpp">
      <Filter>源文件\Object\Transform</Filter>
    </ClCompile>
    <ClCompile Include="Object\Transform\FlipNormal.cpp">
      <Filter>源文件\Object\Transform</Filter>
    </ClCompile>
    <ClCompile Include="Object\Transform\RotateY.cpp">
      <Filter>源文件\Object\Transform</Filter>
    </ClCompile>
    <ClCompile Include="Object\Transform\Translate.cpp">
      <Filter>源文件\Object\Transform</Filter>
    </ClCompile>
    <ClCompile Include="Texture\TextureChecker.cpp">
      <Filter>源文件\Texture</Filter>
    </ClCompile>
    <ClCompile Include="Texture\TextureConstant.cpp">
      <Filter>源文件\Texture</Filter>
    </ClCompile>
    <ClCompile Include="Texture\TextureImage.cpp">
      <Filter>源文件\Texture</Filter>
    </ClCompile>
    <ClCompile Include="Texture\TextureNoise.cpp">
      <Filter>源文件\Texture</Filter>
    </ClCompile>
    <ClCompile Include="Math\ONB.cpp">
      <Filter>源文件\Math</Filter>
    </ClCompile>
  </ItemGroup>
  <ItemGroup>
    <Image Include="resource\earthmap.jpg">
      <Filter>资源文件</Filter>
    </Image>
  </ItemGroup>
</Project>